{
  "version": 4,
  "terraform_version": "0.14.3",
  "serial": 1,
  "lineage": "c7135502-e914-3d2b-8a09-0163f4517739",
  "outputs": {},
  "resources": [
    {
      "mode": "managed",
      "type": "aws_vpc",
      "name": "vpc",
      "provider": "provider[\"registry.terraform.io/hashicorp/aws\"]",
      "instances": [
        {
          "schema_version": 1,
          "attributes": {
            "arn": "arn:aws:ec2:us-east-2:326219140693:vpc/vpc-09836e68909a505bb",
            "assign_generated_ipv6_cidr_block": false,
            "cidr_block": "10.0.0.0/16",
            "default_network_acl_id": "acl-03f351c5ba4652184",
            "default_route_table_id": "rtb-0eb352e1302c67ac7",
            "default_security_group_id": "sg-0b08a2ea8b167b7a6",
            "dhcp_options_id": "dopt-605be30b",
            "enable_classiclink": null,
            "enable_classiclink_dns_support": null,
            "enable_dns_hostnames": false,
            "enable_dns_support": true,
            "id": "vpc-09836e68909a505bb",
            "instance_tenancy": "default",
            "ipv6_association_id": "",
            "ipv6_cidr_block": "",
            "main_route_table_id": "rtb-0eb352e1302c67ac7",
            "owner_id": "326219140693",
            "tags": {
              "Name": "vpc"
            }
          },
          "sensitive_attributes": [],
          "private": "eyJzY2hlbWFfdmVyc2lvbiI6IjEifQ=="
        }
      ]
    }
  ]
}
